PODS:
  - JGProgressHUD (2.0.3)
  - ReachabilitySwift (4.3.0)
  - Realm (3.12.0):
    - Realm/Headers (= 3.12.0)
  - Realm/Headers (3.12.0)
  - RealmSwift (3.12.0):
    - Realm (= 3.12.0)

DEPENDENCIES:
  - JGProgressHUD
  - ReachabilitySwift
  - RealmSwift

SPEC REPOS:
  https://github.com/cocoapods/specs.git:
    - JGProgressHUD
    - ReachabilitySwift
    - Realm
    - RealmSwift

SPEC CHECKSUMS:
  JGProgressHUD: 12b20a8f4ffe05258f8635c1ab92816e451f904d
  ReachabilitySwift: 408477d1b6ed9779dba301953171e017c31241f3
  Realm: cdaef23c4ddb36ab1ddffed23f5a7f3332fc5585
  RealmSwift: 5576324033f0aa5ef1e0a839a3da2281dff47a7f

PODFILE CHECKSUM: d97bb197ea4db76e5bf0b294b26829709159da1d

COCOAPODS: 1.5.3
