// !$*UTF8*$!
{
	archiveVersion = 1;
	classes = {
	};
	objectVersion = 50;
	objects = {

/* Begin PBXBuildFile section */
		59BFC99821C2EBF600977B03 /* AppDelegate.swift in Sources */ = {isa = PBXBuildFile; fileRef = 59BFC99721C2EBF600977B03 /* AppDelegate.swift */; };
		59BFC99A21C2EBF600977B03 /* MainVC.swift in Sources */ = {isa = PBXBuildFile; fileRef = 59BFC99921C2EBF600977B03 /* MainVC.swift */; };
		59BFC99F21C2EC3E00977B03 /* Assets.xcassets in Resources */ = {isa = PBXBuildFile; fileRef = 59BFC99E21C2EC3E00977B03 /* Assets.xcassets */; };
		59BFC9A221C2EC3E00977B03 /* LaunchScreen.storyboard in Resources */ = {isa = PBXBuildFile; fileRef = 59BFC9A021C2EC3E00977B03 /* LaunchScreen.storyboard */; };
		59CCD1FE21C4559E00C232A9 /* MainVCViewModel.swift in Sources */ = {isa = PBXBuildFile; fileRef = 59CCD1FD21C4559E00C232A9 /* MainVCViewModel.swift */; };
		59CCD20321C488C100C232A9 /*  ImageItemML.swift in Sources */ = {isa = PBXBuildFile; fileRef = 59CCD20221C488C100C232A9 /*  ImageItemML.swift */; };
		59CCD20721C48A3A00C232A9 /* ExtDecodable.swift in Sources */ = {isa = PBXBuildFile; fileRef = 59CCD20621C48A3A00C232A9 /* ExtDecodable.swift */; };
		59CCD20921C48A5A00C232A9 /* ExtCoding.swift in Sources */ = {isa = PBXBuildFile; fileRef = 59CCD20821C48A5A00C232A9 /* ExtCoding.swift */; };
		59CCD20B21C48B3E00C232A9 /* Types.swift in Sources */ = {isa = PBXBuildFile; fileRef = 59CCD20A21C48B3E00C232A9 /* Types.swift */; };
		59CCD20D21C48B4B00C232A9 /* Constants.swift in Sources */ = {isa = PBXBuildFile; fileRef = 59CCD20C21C48B4B00C232A9 /* Constants.swift */; };
/* End PBXBuildFile section */

/* Begin PBXFileReference section */
		59BFC99421C2EBF600977B03 /* MVVMTest.app */ = {isa = PBXFileReference; explicitFileType = wrapper.application; includeInIndex = 0; path = MVVMTest.app; sourceTree = BUILT_PRODUCTS_DIR; };
		59BFC99721C2EBF600977B03 /* AppDelegate.swift */ = {isa = PBXFileReference; lastKnownFileType = sourcecode.swift; path = AppDelegate.swift; sourceTree = "<group>"; };
		59BFC99921C2EBF600977B03 /* MainVC.swift */ = {isa = PBXFileReference; lastKnownFileType = sourcecode.swift; path = MainVC.swift; sourceTree = "<group>"; };
		59BFC99E21C2EC3E00977B03 /* Assets.xcassets */ = {isa = PBXFileReference; lastKnownFileType = folder.assetcatalog; path = Assets.xcassets; sourceTree = "<group>"; };
		59BFC9A121C2EC3E00977B03 /* Base */ = {isa = PBXFileReference; lastKnownFileType = file.storyboard; name = Base; path = Base.lproj/LaunchScreen.storyboard; sourceTree = "<group>"; };
		59BFC9A321C2EC4000977B03 /* Info.plist */ = {isa = PBXFileReference; lastKnownFileType = text.plist.xml; path = Info.plist; sourceTree = "<group>"; };
		59CCD1FD21C4559E00C232A9 /* MainVCViewModel.swift */ = {isa = PBXFileReference; lastKnownFileType = sourcecode.swift; path = MainVCViewModel.swift; sourceTree = "<group>"; };
		59CCD20221C488C100C232A9 /*  ImageItemML.swift */ = {isa = PBXFileReference; lastKnownFileType = sourcecode.swift; path = " ImageItemML.swift"; sourceTree = "<group>"; };
		59CCD20621C48A3A00C232A9 /* ExtDecodable.swift */ = {isa = PBXFileReference; lastKnownFileType = sourcecode.swift; path = ExtDecodable.swift; sourceTree = "<group>"; };
		59CCD20821C48A5A00C232A9 /* ExtCoding.swift */ = {isa = PBXFileReference; lastKnownFileType = sourcecode.swift; path = ExtCoding.swift; sourceTree = "<group>"; };
		59CCD20A21C48B3E00C232A9 /* Types.swift */ = {isa = PBXFileReference; lastKnownFileType = sourcecode.swift; path = Types.swift; sourceTree = "<group>"; };
		59CCD20C21C48B4B00C232A9 /* Constants.swift */ = {isa = PBXFileReference; lastKnownFileType = sourcecode.swift; path = Constants.swift; sourceTree = "<group>"; };
/* End PBXFileReference section */

/* Begin PBXFrameworksBuildPhase section */
		59BFC99121C2EBF600977B03 /* Frameworks */ = {
			isa = PBXFrameworksBuildPhase;
			buildActionMask = 2147483647;
			files = (
			);
			runOnlyForDeploymentPostprocessing = 0;
		};
/* End PBXFrameworksBuildPhase section */

/* Begin PBXGroup section */
		59BFC98B21C2EBF500977B03 = {
			isa = PBXGroup;
			children = (
				59BFC99621C2EBF600977B03 /* MVVMTest */,
				59BFC99521C2EBF600977B03 /* Products */,
			);
			sourceTree = "<group>";
		};
		59BFC99521C2EBF600977B03 /* Products */ = {
			isa = PBXGroup;
			children = (
				59BFC99421C2EBF600977B03 /* MVVMTest.app */,
			);
			name = Products;
			sourceTree = "<group>";
		};
		59BFC99621C2EBF600977B03 /* MVVMTest */ = {
			isa = PBXGroup;
			children = (
				59BFC99721C2EBF600977B03 /* AppDelegate.swift */,
				59CCD20421C48A0E00C232A9 /* Utils */,
				59CCD1F921C454A100C232A9 /* ViewControllers */,
				59CCD1FB21C454B600C232A9 /* ViewModels */,
				59CCD1FA21C454B000C232A9 /* Models */,
				59CCD1FC21C4551500C232A9 /* Supporting Files */,
			);
			path = MVVMTest;
			sourceTree = "<group>";
		};
		59CCD1F921C454A100C232A9 /* ViewControllers */ = {
			isa = PBXGroup;
			children = (
				59CCD1FF21C455A300C232A9 /* MainVC */,
			);
			path = ViewControllers;
			sourceTree = "<group>";
		};
		59CCD1FA21C454B000C232A9 /* Models */ = {
			isa = PBXGroup;
			children = (
				59CCD20121C4888B00C232A9 /*  ImageItemML */,
			);
			path = Models;
			sourceTree = "<group>";
		};
		59CCD1FB21C454B600C232A9 /* ViewModels */ = {
			isa = PBXGroup;
			children = (
				59CCD20021C455B000C232A9 /* MainVCViewModel */,
			);
			path = ViewModels;
			sourceTree = "<group>";
		};
		59CCD1FC21C4551500C232A9 /* Supporting Files */ = {
			isa = PBXGroup;
			children = (
				59BFC99E21C2EC3E00977B03 /* Assets.xcassets */,
				59BFC9A021C2EC3E00977B03 /* LaunchScreen.storyboard */,
				59BFC9A321C2EC4000977B03 /* Info.plist */,
			);
			path = "Supporting Files";
			sourceTree = "<group>";
		};
		59CCD1FF21C455A300C232A9 /* MainVC */ = {
			isa = PBXGroup;
			children = (
				59BFC99921C2EBF600977B03 /* MainVC.swift */,
			);
			path = MainVC;
			sourceTree = "<group>";
		};
		59CCD20021C455B000C232A9 /* MainVCViewModel */ = {
			isa = PBXGroup;
			children = (
				59CCD1FD21C4559E00C232A9 /* MainVCViewModel.swift */,
			);
			path = MainVCViewModel;
			sourceTree = "<group>";
		};
		59CCD20121C4888B00C232A9 /*  ImageItemML */ = {
			isa = PBXGroup;
			children = (
				59CCD20221C488C100C232A9 /*  ImageItemML.swift */,
			);
			path = " ImageItemML";
			sourceTree = "<group>";
		};
		59CCD20421C48A0E00C232A9 /* Utils */ = {
			isa = PBXGroup;
			children = (
				59CCD20521C48A2900C232A9 /* Extensions */,
				59CCD20A21C48B3E00C232A9 /* Types.swift */,
				59CCD20C21C48B4B00C232A9 /* Constants.swift */,
			);
			path = Utils;
			sourceTree = "<group>";
		};
		59CCD20521C48A2900C232A9 /* Extensions */ = {
			isa = PBXGroup;
			children = (
				59CCD20621C48A3A00C232A9 /* ExtDecodable.swift */,
				59CCD20821C48A5A00C232A9 /* ExtCoding.swift */,
			);
			path = Extensions;
			sourceTree = "<group>";
		};
/* End PBXGroup section */

/* Begin PBXNativeTarget section */
		59BFC99321C2EBF600977B03 /* MVVMTest */ = {
			isa = PBXNativeTarget;
			buildConfigurationList = 59BFC9A621C2EC4000977B03 /* Build configuration list for PBXNativeTarget "MVVMTest" */;
			buildPhases = (
				59BFC99021C2EBF600977B03 /* Sources */,
				59BFC99121C2EBF600977B03 /* Frameworks */,
				59BFC99221C2EBF600977B03 /* Resources */,
			);
			buildRules = (
			);
			dependencies = (
			);
			name = MVVMTest;
			productName = MVVMTest;
			productReference = 59BFC99421C2EBF600977B03 /* MVVMTest.app */;
			productType = "com.apple.product-type.application";
		};
/* End PBXNativeTarget section */

/* Begin PBXProject section */
		59BFC98C21C2EBF500977B03 /* Project object */ = {
			isa = PBXProject;
			attributes = {
				LastSwiftUpdateCheck = 1010;
				LastUpgradeCheck = 1010;
				ORGANIZATIONNAME = "Mykhailo Zabarin";
				TargetAttributes = {
					59BFC99321C2EBF600977B03 = {
						CreatedOnToolsVersion = 10.1;
					};
				};
			};
			buildConfigurationList = 59BFC98F21C2EBF500977B03 /* Build configuration list for PBXProject "MVVMTest" */;
			compatibilityVersion = "Xcode 9.3";
			developmentRegion = en;
			hasScannedForEncodings = 0;
			knownRegions = (
				en,
				Base,
			);
			mainGroup = 59BFC98B21C2EBF500977B03;
			productRefGroup = 59BFC99521C2EBF600977B03 /* Products */;
			projectDirPath = "";
			projectRoot = "";
			targets = (
				59BFC99321C2EBF600977B03 /* MVVMTest */,
			);
		};
/* End PBXProject section */

/* Begin PBXResourcesBuildPhase section */
		59BFC99221C2EBF600977B03 /* Resources */ = {
			isa = PBXResourcesBuildPhase;
			buildActionMask = 2147483647;
			files = (
				59BFC9A221C2EC3E00977B03 /* LaunchScreen.storyboard in Resources */,
				59BFC99F21C2EC3E00977B03 /* Assets.xcassets in Resources */,
			);
			runOnlyForDeploymentPostprocessing = 0;
		};
/* End PBXResourcesBuildPhase section */

/* Begin PBXSourcesBuildPhase section */
		59BFC99021C2EBF600977B03 /* Sources */ = {
			isa = PBXSourcesBuildPhase;
			buildActionMask = 2147483647;
			files = (
				59CCD20721C48A3A00C232A9 /* ExtDecodable.swift in Sources */,
				59CCD20321C488C100C232A9 /*  ImageItemML.swift in Sources */,
				59BFC99A21C2EBF600977B03 /* MainVC.swift in Sources */,
				59CCD20B21C48B3E00C232A9 /* Types.swift in Sources */,
				59CCD20921C48A5A00C232A9 /* ExtCoding.swift in Sources */,
				59BFC99821C2EBF600977B03 /* AppDelegate.swift in Sources */,
				59CCD1FE21C4559E00C232A9 /* MainVCViewModel.swift in Sources */,
				59CCD20D21C48B4B00C232A9 /* Constants.swift in Sources */,
			);
			runOnlyForDeploymentPostprocessing = 0;
		};
/* End PBXSourcesBuildPhase section */

/* Begin PBXVariantGroup section */
		59BFC9A021C2EC3E00977B03 /* LaunchScreen.storyboard */ = {
			isa = PBXVariantGroup;
			children = (
				59BFC9A121C2EC3E00977B03 /* Base */,
			);
			name = LaunchScreen.storyboard;
			sourceTree = "<group>";
		};
/* End PBXVariantGroup section */

/* Begin XCBuildConfiguration section */
		59BFC9A421C2EC4000977B03 /* Debug */ = {
			isa = XCBuildConfiguration;
			buildSettings = {
				ALWAYS_SEARCH_USER_PATHS = NO;
				CLANG_ANALYZER_NONNULL = YES;
				CLANG_ANALYZER_NUMBER_OBJECT_CONVERSION = YES_AGGRESSIVE;
				CLANG_CXX_LANGUAGE_STANDARD = "gnu++14";
				CLANG_CXX_LIBRARY = "libc++";
				CLANG_ENABLE_MODULES = YES;
				CLANG_ENABLE_OBJC_ARC = YES;
				CLANG_ENABLE_OBJC_WEAK = YES;
				CLANG_WARN_BLOCK_CAPTURE_AUTORELEASING = YES;
				CLANG_WARN_BOOL_CONVERSION = YES;
				CLANG_WARN_COMMA = YES;
				CLANG_WARN_CONSTANT_CONVERSION = YES;
				CLANG_WARN_DEPRECATED_OBJC_IMPLEMENTATIONS = YES;
				CLANG_WARN_DIRECT_OBJC_ISA_USAGE = YES_ERROR;
				CLANG_WARN_DOCUMENTATION_COMMENTS = YES;
				CLANG_WARN_EMPTY_BODY = YES;
				CLANG_WARN_ENUM_CONVERSION = YES;
				CLANG_WARN_INFINITE_RECURSION = YES;
				CLANG_WARN_INT_CONVERSION = YES;
				CLANG_WARN_NON_LITERAL_NULL_CONVERSION = YES;
				CLANG_WARN_OBJC_IMPLICIT_RETAIN_SELF = YES;
				CLANG_WARN_OBJC_LITERAL_CONVERSION = YES;
				CLANG_WARN_OBJC_ROOT_CLASS = YES_ERROR;
				CLANG_WARN_RANGE_LOOP_ANALYSIS = YES;
				CLANG_WARN_STRICT_PROTOTYPES = YES;
				CLANG_WARN_SUSPICIOUS_MOVE = YES;
				CLANG_WARN_UNGUARDED_AVAILABILITY = YES_AGGRESSIVE;
				CLANG_WARN_UNREACHABLE_CODE = YES;
				CLANG_WARN__DUPLICATE_METHOD_MATCH = YES;
				CODE_SIGN_IDENTITY = "iPhone Developer";
				COPY_PHASE_STRIP = NO;
				DEBUG_INFORMATION_FORMAT = dwarf;
				ENABLE_STRICT_OBJC_MSGSEND = YES;
				ENABLE_TESTABILITY = YES;
				GCC_C_LANGUAGE_STANDARD = gnu11;
				GCC_DYNAMIC_NO_PIC = NO;
				GCC_NO_COMMON_BLOCKS = YES;
				GCC_OPTIMIZATION_LEVEL = 0;
				GCC_PREPROCESSOR_DEFINITIONS = (
					"DEBUG=1",
					"$(inherited)",
				);
				GCC_WARN_64_TO_32_BIT_CONVERSION = YES;
				GCC_WARN_ABOUT_RETURN_TYPE = YES_ERROR;
				GCC_WARN_UNDECLARED_SELECTOR = YES;
				GCC_WARN_UNINITIALIZED_AUTOS = YES_AGGRESSIVE;
				GCC_WARN_UNUSED_FUNCTION = YES;
				GCC_WARN_UNUSED_VARIABLE = YES;
				IPHONEOS_DEPLOYMENT_TARGET = 12.1;
				MTL_ENABLE_DEBUG_INFO = INCLUDE_SOURCE;
				MTL_FAST_MATH = YES;
				ONLY_ACTIVE_ARCH = YES;
				SDKROOT = iphoneos;
				SWIFT_ACTIVE_COMPILATION_CONDITIONS = DEBUG;
				SWIFT_OPTIMIZATION_LEVEL = "-Onone";
			};
			name = Debug;
		};
		59BFC9A521C2EC4000977B03 /* Release */ = {
			isa = XCBuildConfiguration;
			buildSettings = {
				ALWAYS_SEARCH_USER_PATHS = NO;
				CLANG_ANALYZER_NONNULL = YES;
				CLANG_ANALYZER_NUMBER_OBJECT_CONVERSION = YES_AGGRESSIVE;
				CLANG_CXX_LANGUAGE_STANDARD = "gnu++14";
				CLANG_CXX_LIBRARY = "libc++";
				CLANG_ENABLE_MODULES = YES;
				CLANG_ENABLE_OBJC_ARC = YES;
				CLANG_ENABLE_OBJC_WEAK = YES;
				CLANG_WARN_BLOCK_CAPTURE_AUTORELEASING = YES;
				CLANG_WARN_BOOL_CONVERSION = YES;
				CLANG_WARN_COMMA = YES;
				CLANG_WARN_CONSTANT_CONVERSION = YES;
				CLANG_WARN_DEPRECATED_OBJC_IMPLEMENTATIONS = YES;
				CLANG_WARN_DIRECT_OBJC_ISA_USAGE = YES_ERROR;
				CLANG_WARN_DOCUMENTATION_COMMENTS = YES;
				CLANG_WARN_EMPTY_BODY = YES;
				CLANG_WARN_ENUM_CONVERSION = YES;
				CLANG_WARN_INFINITE_RECURSION = YES;
				CLANG_WARN_INT_CONVERSION = YES;
				CLANG_WARN_NON_LITERAL_NULL_CONVERSION = YES;
				CLANG_WARN_OBJC_IMPLICIT_RETAIN_SELF = YES;
				CLANG_WARN_OBJC_LITERAL_CONVERSION = YES;
				CLANG_WARN_OBJC_ROOT_CLASS = YES_ERROR;
				CLANG_WARN_RANGE_LOOP_ANALYSIS = YES;
				CLANG_WARN_STRICT_PROTOTYPES = YES;
				CLANG_WARN_SUSPICIOUS_MOVE = YES;
				CLANG_WARN_UNGUARDED_AVAILABILITY = YES_AGGRESSIVE;
				CLANG_WARN_UNREACHABLE_CODE = YES;
				CLANG_WARN__DUPLICATE_METHOD_MATCH = YES;
				CODE_SIGN_IDENTITY = "iPhone Developer";
				COPY_PHASE_STRIP = NO;
				DEBUG_INFORMATION_FORMAT = "dwarf-with-dsym";
				ENABLE_NS_ASSERTIONS = NO;
				ENABLE_STRICT_OBJC_MSGSEND = YES;
				GCC_C_LANGUAGE_STANDARD = gnu11;
				GCC_NO_COMMON_BLOCKS = YES;
				GCC_WARN_64_TO_32_BIT_CONVERSION = YES;
				GCC_WARN_ABOUT_RETURN_TYPE = YES_ERROR;
				GCC_WARN_UNDECLARED_SELECTOR = YES;
				GCC_WARN_UNINITIALIZED_AUTOS = YES_AGGRESSIVE;
				GCC_WARN_UNUSED_FUNCTION = YES;
				GCC_WARN_UNUSED_VARIABLE = YES;
				IPHONEOS_DEPLOYMENT_TARGET = 12.1;
				MTL_ENABLE_DEBUG_INFO = NO;
				MTL_FAST_MATH = YES;
				SDKROOT = iphoneos;
				SWIFT_COMPILATION_MODE = wholemodule;
				SWIFT_OPTIMIZATION_LEVEL = "-O";
				VALIDATE_PRODUCT = YES;
			};
			name = Release;
		};
		59BFC9A721C2EC4000977B03 /* Debug */ = {
			isa = XCBuildConfiguration;
			buildSettings = {
				ASSETCATALOG_COMPILER_APPICON_NAME = AppIcon;
				CODE_SIGN_STYLE = Automatic;
				DEVELOPMENT_TEAM = E4WSQJ8FEJ;
				INFOPLIST_FILE = "$(SRCROOT)/MVVMTest/Supporting Files/Info.plist";
				LD_RUNPATH_SEARCH_PATHS = (
					"$(inherited)",
					"@executable_path/Frameworks",
				);
				PRODUCT_BUNDLE_IDENTIFIER = com.nirabaz.MVVMTest;
				PRODUCT_NAME = "$(TARGET_NAME)";
				SWIFT_VERSION = 4.2;
				TARGETED_DEVICE_FAMILY = "1,2";
			};
			name = Debug;
		};
		59BFC9A821C2EC4000977B03 /* Release */ = {
			isa = XCBuildConfiguration;
			buildSettings = {
				ASSETCATALOG_COMPILER_APPICON_NAME = AppIcon;
				CODE_SIGN_STYLE = Automatic;
				DEVELOPMENT_TEAM = E4WSQJ8FEJ;
				INFOPLIST_FILE = "$(SRCROOT)/MVVMTest/Supporting Files/Info.plist";
				LD_RUNPATH_SEARCH_PATHS = (
					"$(inherited)",
					"@executable_path/Frameworks",
				);
				PRODUCT_BUNDLE_IDENTIFIER = com.nirabaz.MVVMTest;
				PRODUCT_NAME = "$(TARGET_NAME)";
				SWIFT_VERSION = 4.2;
				TARGETED_DEVICE_FAMILY = "1,2";
			};
			name = Release;
		};
/* End XCBuildConfiguration section */

/* Begin XCConfigurationList section */
		59BFC98F21C2EBF500977B03 /* Build configuration list for PBXProject "MVVMTest" */ = {
			isa = XCConfigurationList;
			buildConfigurations = (
				59BFC9A421C2EC4000977B03 /* Debug */,
				59BFC9A521C2EC4000977B03 /* Release */,
			);
			defaultConfigurationIsVisible = 0;
			defaultConfigurationName = Release;
		};
		59BFC9A621C2EC4000977B03 /* Build configuration list for PBXNativeTarget "MVVMTest" */ = {
			isa = XCConfigurationList;
			buildConfigurations = (
				59BFC9A721C2EC4000977B03 /* Debug */,
				59BFC9A821C2EC4000977B03 /* Release */,
			);
			defaultConfigurationIsVisible = 0;
			defaultConfigurationName = Release;
		};
/* End XCConfigurationList section */
	};
	rootObject = 59BFC98C21C2EBF500977B03 /* Project object */;
}
